
Microsoft Visual Studio Solution File, Format Version 12.00
# Visual Studio Version 17
VisualStudioVersion = 17.4.33403.182
MinimumVisualStudioVersion = 10.0.40219.1
Project("{FAE04EC0-301F-11D3-BF4B-00C04F79EFBC}") = "FlashcardsApp", "FlashcardsApp\FlashcardsApp.csproj", "{8FCE8226-4A14-41B4-A1FA-154D089AAF63}"
EndProject
Global
	GlobalSection(SolutionConfigurationPlatforms) = preSolution
		Debug|Any CPU = Debug|Any CPU
		Release|Any CPU = Release|Any CPU
	EndGlobalSection
	GlobalSection(ProjectConfigurationPlatforms) = postSolution
		{8FCE8226-4A14-41B4-A1FA-154D089AAF63}.Debug|Any CPU.ActiveCfg = Debug|Any CPU
		{8FCE8226-4A14-41B4-A1FA-154D089AAF63}.Debug|Any CPU.Build.0 = Debug|Any CPU
		{8FCE8226-4A14-41B4-A1FA-154D089AAF63}.Release|Any CPU.ActiveCfg = Release|Any CPU
		{8FCE8226-4A14-41B4-A1FA-154D089AAF63}.Release|Any CPU.Build.0 = Release|Any CPU
	EndGlobalSection
	GlobalSection(SolutionProperties) = preSolution
		HideSolutionNode = FALSE
	EndGlobalSection
	GlobalSection(ExtensibilityGlobals) = postSolution
		SolutionGuid = {F2C0139B-531F-4450-970A-E584AC691419}
	EndGlobalSection
EndGlobal
